
Microsoft Visual Studio Solution File, Format Version 12.00
# Visual Studio Version 17
VisualStudioVersion = 17.0.31903.59
MinimumVisualStudioVersion = 10.0.40219.1
Project("{2150E333-8FDC-42A3-9474-1A3956D46DE8}") = "src", "src", "{827E0CD3-B72D-47B6-A68D-7590B98EB39B}"
EndProject
Project("{2150E333-8FDC-42A3-9474-1A3956D46DE8}") = "Domain", "Domain", "{8B290487-4C16-E85E-E807-F579CBE9FC4D}"
EndProject
Project("{FAE04EC0-301F-11D3-BF4B-00C04F79EFBC}") = "WizCo.Orders.Domain", "src\Domain\WizCo.Orders.Domain.csproj", "{D80ADFAC-C2F5-4D84-AD16-7E647CA83CBB}"
EndProject
Project("{FAE04EC0-301F-11D3-BF4B-00C04F79EFBC}") = "WizCo.Orders.Application", "src\Application\WizCo.Orders.Application.csproj", "{A2C173ED-F801-4435-9129-487F03900CE4}"
EndProject
Project("{FAE04EC0-301F-11D3-BF4B-00C04F79EFBC}") = "WizCo.Orders.Infrastructure", "src\Infrastructure\WizCo.Orders.Infrastructure.csproj", "{3EA44EF7-1F31-484B-97D5-83FF6CC6AABB}"
EndProject
Project("{FAE04EC0-301F-11D3-BF4B-00C04F79EFBC}") = "WizCo.Orders.Api", "src\Api\WizCo.Orders.Api.csproj", "{D4DB6101-B622-4C9C-BB5C-E11DA051D807}"
EndProject
Project("{FAE04EC0-301F-11D3-BF4B-00C04F79EFBC}") = "WizCo.Orders.Tests", "tests\Tests\WizCo.Orders.Tests.csproj", "{0CA13513-A6AC-496A-AFCB-AE359084386F}"
EndProject
Global
	GlobalSection(SolutionConfigurationPlatforms) = preSolution
		Debug|Any CPU = Debug|Any CPU
		Debug|x64 = Debug|x64
		Debug|x86 = Debug|x86
		Release|Any CPU = Release|Any CPU
		Release|x64 = Release|x64
		Release|x86 = Release|x86
	EndGlobalSection
	GlobalSection(ProjectConfigurationPlatforms) = postSolution
		{D80ADFAC-C2F5-4D84-AD16-7E647CA83CBB}.Debug|Any CPU.ActiveCfg = Debug|Any CPU
		{D80ADFAC-C2F5-4D84-AD16-7E647CA83CBB}.Debug|Any CPU.Build.0 = Debug|Any CPU
		{D80ADFAC-C2F5-4D84-AD16-7E647CA83CBB}.Debug|x64.ActiveCfg = Debug|Any CPU
		{D80ADFAC-C2F5-4D84-AD16-7E647CA83CBB}.Debug|x64.Build.0 = Debug|Any CPU
		{D80ADFAC-C2F5-4D84-AD16-7E647CA83CBB}.Debug|x86.ActiveCfg = Debug|Any CPU
		{D80ADFAC-C2F5-4D84-AD16-7E647CA83CBB}.Debug|x86.Build.0 = Debug|Any CPU
		{D80ADFAC-C2F5-4D84-AD16-7E647CA83CBB}.Release|Any CPU.ActiveCfg = Release|Any CPU
		{D80ADFAC-C2F5-4D84-AD16-7E647CA83CBB}.Release|Any CPU.Build.0 = Release|Any CPU
		{D80ADFAC-C2F5-4D84-AD16-7E647CA83CBB}.Release|x64.ActiveCfg = Release|Any CPU
		{D80ADFAC-C2F5-4D84-AD16-7E647CA83CBB}.Release|x64.Build.0 = Release|Any CPU
		{D80ADFAC-C2F5-4D84-AD16-7E647CA83CBB}.Release|x86.ActiveCfg = Release|Any CPU
		{D80ADFAC-C2F5-4D84-AD16-7E647CA83CBB}.Release|x86.Build.0 = Release|Any CPU
		{A2C173ED-F801-4435-9129-487F03900CE4}.Debug|Any CPU.ActiveCfg = Debug|Any CPU
		{A2C173ED-F801-4435-9129-487F03900CE4}.Debug|Any CPU.Build.0 = Debug|Any CPU
		{A2C173ED-F801-4435-9129-487F03900CE4}.Debug|x64.ActiveCfg = Debug|Any CPU
		{A2C173ED-F801-4435-9129-487F03900CE4}.Debug|x64.Build.0 = Debug|Any CPU
		{A2C173ED-F801-4435-9129-487F03900CE4}.Debug|x86.ActiveCfg = Debug|Any CPU
		{A2C173ED-F801-4435-9129-487F03900CE4}.Debug|x86.Build.0 = Debug|Any CPU
		{A2C173ED-F801-4435-9129-487F03900CE4}.Release|Any CPU.ActiveCfg = Release|Any CPU
		{A2C173ED-F801-4435-9129-487F03900CE4}.Release|Any CPU.Build.0 = Release|Any CPU
		{A2C173ED-F801-4435-9129-487F03900CE4}.Release|x64.ActiveCfg = Release|Any CPU
		{A2C173ED-F801-4435-9129-487F03900CE4}.Release|x64.Build.0 = Release|Any CPU
		{A2C173ED-F801-4435-9129-487F03900CE4}.Release|x86.ActiveCfg = Release|Any CPU
		{A2C173ED-F801-4435-9129-487F03900CE4}.Release|x86.Build.0 = Release|Any CPU
		{3EA44EF7-1F31-484B-97D5-83FF6CC6AABB}.Debug|Any CPU.ActiveCfg = Debug|Any CPU
		{3EA44EF7-1F31-484B-97D5-83FF6CC6AABB}.Debug|Any CPU.Build.0 = Debug|Any CPU
		{3EA44EF7-1F31-484B-97D5-83FF6CC6AABB}.Debug|x64.ActiveCfg = Debug|Any CPU
		{3EA44EF7-1F31-484B-97D5-83FF6CC6AABB}.Debug|x64.Build.0 = Debug|Any CPU
		{3EA44EF7-1F31-484B-97D5-83FF6CC6AABB}.Debug|x86.ActiveCfg = Debug|Any CPU
		{3EA44EF7-1F31-484B-97D5-83FF6CC6AABB}.Debug|x86.Build.0 = Debug|Any CPU
		{3EA44EF7-1F31-484B-97D5-83FF6CC6AABB}.Release|Any CPU.ActiveCfg = Release|Any CPU
		{3EA44EF7-1F31-484B-97D5-83FF6CC6AABB}.Release|Any CPU.Build.0 = Release|Any CPU
		{3EA44EF7-1F31-484B-97D5-83FF6CC6AABB}.Release|x64.ActiveCfg = Release|Any CPU
		{3EA44EF7-1F31-484B-97D5-83FF6CC6AABB}.Release|x64.Build.0 = Release|Any CPU
		{3EA44EF7-1F31-484B-97D5-83FF6CC6AABB}.Release|x86.ActiveCfg = Release|Any CPU
		{3EA44EF7-1F31-484B-97D5-83FF6CC6AABB}.Release|x86.Build.0 = Release|Any CPU
		{D4DB6101-B622-4C9C-BB5C-E11DA051D807}.Debug|Any CPU.ActiveCfg = Debug|Any CPU
		{D4DB6101-B622-4C9C-BB5C-E11DA051D807}.Debug|Any CPU.Build.0 = Debug|Any CPU
		{D4DB6101-B622-4C9C-BB5C-E11DA051D807}.Debug|x64.ActiveCfg = Debug|Any CPU
		{D4DB6101-B622-4C9C-BB5C-E11DA051D807}.Debug|x64.Build.0 = Debug|Any CPU
		{D4DB6101-B622-4C9C-BB5C-E11DA051D807}.Debug|x86.ActiveCfg = Debug|Any CPU
		{D4DB6101-B622-4C9C-BB5C-E11DA051D807}.Debug|x86.Build.0 = Debug|Any CPU
		{D4DB6101-B622-4C9C-BB5C-E11DA051D807}.Release|Any CPU.ActiveCfg = Release|Any CPU
		{D4DB6101-B622-4C9C-BB5C-E11DA051D807}.Release|Any CPU.Build.0 = Release|Any CPU
		{D4DB6101-B622-4C9C-BB5C-E11DA051D807}.Release|x64.ActiveCfg = Release|Any CPU
		{D4DB6101-B622-4C9C-BB5C-E11DA051D807}.Release|x64.Build.0 = Release|Any CPU
		{D4DB6101-B622-4C9C-BB5C-E11DA051D807}.Release|x86.ActiveCfg = Release|Any CPU
		{D4DB6101-B622-4C9C-BB5C-E11DA051D807}.Release|x86.Build.0 = Release|Any CPU
		{0CA13513-A6AC-496A-AFCB-AE359084386F}.Debug|Any CPU.ActiveCfg = Debug|Any CPU
		{0CA13513-A6AC-496A-AFCB-AE359084386F}.Debug|Any CPU.Build.0 = Debug|Any CPU
		{0CA13513-A6AC-496A-AFCB-AE359084386F}.Debug|x64.ActiveCfg = Debug|Any CPU
		{0CA13513-A6AC-496A-AFCB-AE359084386F}.Debug|x64.Build.0 = Debug|Any CPU
		{0CA13513-A6AC-496A-AFCB-AE359084386F}.Debug|x86.ActiveCfg = Debug|Any CPU
		{0CA13513-A6AC-496A-AFCB-AE359084386F}.Debug|x86.Build.0 = Debug|Any CPU
		{0CA13513-A6AC-496A-AFCB-AE359084386F}.Release|Any CPU.ActiveCfg = Release|Any CPU
		{0CA13513-A6AC-496A-AFCB-AE359084386F}.Release|Any CPU.Build.0 = Release|Any CPU
		{0CA13513-A6AC-496A-AFCB-AE359084386F}.Release|x64.ActiveCfg = Release|Any CPU
		{0CA13513-A6AC-496A-AFCB-AE359084386F}.Release|x64.Build.0 = Release|Any CPU
		{0CA13513-A6AC-496A-AFCB-AE359084386F}.Release|x86.ActiveCfg = Release|Any CPU
		{0CA13513-A6AC-496A-AFCB-AE359084386F}.Release|x86.Build.0 = Release|Any CPU
	EndGlobalSection
	GlobalSection(SolutionProperties) = preSolution
		HideSolutionNode = FALSE
	EndGlobalSection
	GlobalSection(NestedProjects) = preSolution
		{8B290487-4C16-E85E-E807-F579CBE9FC4D} = {827E0CD3-B72D-47B6-A68D-7590B98EB39B}
		{D80ADFAC-C2F5-4D84-AD16-7E647CA83CBB} = {8B290487-4C16-E85E-E807-F579CBE9FC4D}
		{A2C173ED-F801-4435-9129-487F03900CE4} = {8B290487-4C16-E85E-E807-F579CBE9FC4D}
		{3EA44EF7-1F31-484B-97D5-83FF6CC6AABB} = {8B290487-4C16-E85E-E807-F579CBE9FC4D}
		{D4DB6101-B622-4C9C-BB5C-E11DA051D807} = {8B290487-4C16-E85E-E807-F579CBE9FC4D}
		{0CA13513-A6AC-496A-AFCB-AE359084386F} = {8B290487-4C16-E85E-E807-F579CBE9FC4D}
	EndGlobalSection
EndGlobal
